
Microsoft Visual Studio Solution File, Format Version 12.00
# Visual Studio Version 17
VisualStudioVersion = 17.14.36202.13 d17.14
MinimumVisualStudioVersion = 10.0.40219.1
Project("{FAE04EC0-301F-11D3-BF4B-00C04F79EFBC}") = "SortedListMertAycil", "SortedListMertAycil.csproj", "{0E700B1D-7995-4ABB-9C9A-88BC6FDE91BD}"
EndProject
Global
	GlobalSection(SolutionConfigurationPlatforms) = preSolution
		Debug|Any CPU = Debug|Any CPU
		Release|Any CPU = Release|Any CPU
	EndGlobalSection
	GlobalSection(ProjectConfigurationPlatforms) = postSolution
		{0E700B1D-7995-4ABB-9C9A-88BC6FDE91BD}.Debug|Any CPU.ActiveCfg = Debug|Any CPU
		{0E700B1D-7995-4ABB-9C9A-88BC6FDE91BD}.Debug|Any CPU.Build.0 = Debug|Any CPU
		{0E700B1D-7995-4ABB-9C9A-88BC6FDE91BD}.Release|Any CPU.ActiveCfg = Release|Any CPU
		{0E700B1D-7995-4ABB-9C9A-88BC6FDE91BD}.Release|Any CPU.Build.0 = Release|Any CPU
	EndGlobalSection
	GlobalSection(SolutionProperties) = preSolution
		HideSolutionNode = FALSE
	EndGlobalSection
	GlobalSection(ExtensibilityGlobals) = postSolution
		SolutionGuid = {D48ED191-2526-4CF3-A48B-B1D43297ED6E}
	EndGlobalSection
EndGlobal
